
Microsoft Visual Studio Solution File, Format Version 11.00
# Visual Studio 2010
Project("{FAE04EC0-301F-11D3-BF4B-00C04F79EFBC}") = "Policy", "Policy\Policy.csproj", "{B997F135-BB58-4A2B-A131-C52C33AD43E6}"
EndProject
Project("{FAE04EC0-301F-11D3-BF4B-00C04F79EFBC}") = "DotNetRules", "DotNetRules\DotNetRules.csproj", "{19FF278C-8506-42F1-A766-9C958E716AFB}"
EndProject
Project("{FAE04EC0-301F-11D3-BF4B-00C04F79EFBC}") = "DotNetRules.Tests", "DotNetRules.Tests\DotNetRules.Tests.csproj", "{999C6D45-C14F-42EF-805C-1F9411BBD0A9}"
EndProject
Project("{FAE04EC0-301F-11D3-BF4B-00C04F79EFBC}") = "DotNetRules.Web.Mvc", "DotNetRules.Web.Mvc\DotNetRules.Web.Mvc.csproj", "{4C7C9378-FCA1-4D33-8FB0-C6658294C81D}"
EndProject
Global
	GlobalSection(SolutionConfigurationPlatforms) = preSolution
		Debug|Any CPU = Debug|Any CPU
		Release|Any CPU = Release|Any CPU
	EndGlobalSection
	GlobalSection(ProjectConfigurationPlatforms) = postSolution
		{B997F135-BB58-4A2B-A131-C52C33AD43E6}.Debug|Any CPU.ActiveCfg = Debug|Any CPU
		{B997F135-BB58-4A2B-A131-C52C33AD43E6}.Debug|Any CPU.Build.0 = Debug|Any CPU
		{B997F135-BB58-4A2B-A131-C52C33AD43E6}.Release|Any CPU.ActiveCfg = Release|Any CPU
		{B997F135-BB58-4A2B-A131-C52C33AD43E6}.Release|Any CPU.Build.0 = Release|Any CPU
		{19FF278C-8506-42F1-A766-9C958E716AFB}.Debug|Any CPU.ActiveCfg = Debug|Any CPU
		{19FF278C-8506-42F1-A766-9C958E716AFB}.Debug|Any CPU.Build.0 = Debug|Any CPU
		{19FF278C-8506-42F1-A766-9C958E716AFB}.Release|Any CPU.ActiveCfg = Release|Any CPU
		{19FF278C-8506-42F1-A766-9C958E716AFB}.Release|Any CPU.Build.0 = Release|Any CPU
		{999C6D45-C14F-42EF-805C-1F9411BBD0A9}.Debug|Any CPU.ActiveCfg = Debug|Any CPU
		{999C6D45-C14F-42EF-805C-1F9411BBD0A9}.Debug|Any CPU.Build.0 = Debug|Any CPU
		{999C6D45-C14F-42EF-805C-1F9411BBD0A9}.Release|Any CPU.ActiveCfg = Release|Any CPU
		{999C6D45-C14F-42EF-805C-1F9411BBD0A9}.Release|Any CPU.Build.0 = Release|Any CPU
		{4C7C9378-FCA1-4D33-8FB0-C6658294C81D}.Debug|Any CPU.ActiveCfg = Debug|Any CPU
		{4C7C9378-FCA1-4D33-8FB0-C6658294C81D}.Debug|Any CPU.Build.0 = Debug|Any CPU
		{4C7C9378-FCA1-4D33-8FB0-C6658294C81D}.Release|Any CPU.ActiveCfg = Release|Any CPU
		{4C7C9378-FCA1-4D33-8FB0-C6658294C81D}.Release|Any CPU.Build.0 = Release|Any CPU
	EndGlobalSection
	GlobalSection(SolutionProperties) = preSolution
		HideSolutionNode = FALSE
	EndGlobalSection
EndGlobal
